# This file is automatically @generated by Cargo.
# It is not intended for manual editing.
version = 4

[[package]]
name = "blockchain-cli"
version = "0.1.0"

[[package]]
name = "blockchain-consensus"
version = "0.1.0"

[[package]]
name = "blockchain-core"
version = "0.1.0"

[[package]]
name = "blockchain-crypto"
version = "0.1.0"

[[package]]
name = "blockchain-network"
version = "0.1.0"

[[package]]
name = "blockchain-rpc"
version = "0.1.0"

[[package]]
name = "blockchain-storage"
version = "0.1.0"

[[package]]
name = "blockchain-wallet"
version = "0.1.0"
